
Microsoft Visual Studio Solution File, Format Version 12.00
# Visual Studio Version 16
VisualStudioVersion = 16.0.31727.386
MinimumVisualStudioVersion = 10.0.40219.1
Project("{FAE04EC0-301F-11D3-BF4B-00C04F79EFBC}") = "SchoolProject", "SchoolProject\SchoolProject.csproj", "{5F02C877-8C0F-4231-BD9A-AF06B81BA84B}"
EndProject
Global
	GlobalSection(SolutionConfigurationPlatforms) = preSolution
		Debug|Any CPU = Debug|Any CPU
		Release|Any CPU = Release|Any CPU
	EndGlobalSection
	GlobalSection(ProjectConfigurationPlatforms) = postSolution
		{5F02C877-8C0F-4231-BD9A-AF06B81BA84B}.Debug|Any CPU.ActiveCfg = Debug|Any CPU
		{5F02C877-8C0F-4231-BD9A-AF06B81BA84B}.Debug|Any CPU.Build.0 = Debug|Any CPU
		{5F02C877-8C0F-4231-BD9A-AF06B81BA84B}.Release|Any CPU.ActiveCfg = Release|Any CPU
		{5F02C877-8C0F-4231-BD9A-AF06B81BA84B}.Release|Any CPU.Build.0 = Release|Any CPU
	EndGlobalSection
	GlobalSection(SolutionProperties) = preSolution
		HideSolutionNode = FALSE
	EndGlobalSection
	GlobalSection(ExtensibilityGlobals) = postSolution
		SolutionGuid = {AF0B710F-78D2-4099-B656-7780F6AB079D}
	EndGlobalSection
EndGlobal
